// !$*UTF8*$!
{
	archiveVersion = 1;
	classes = {
	};
	objectVersion = 56;
	objects = {

/* Begin PBXBuildFile section */
		9889D2952C01957400476B9B /* PHAssetDemoApp.swift in Sources */ = {isa = PBXBuildFile; fileRef = 9889D2942C01957400476B9B /* PHAssetDemoApp.swift */; };
		9889D2972C01957400476B9B /* ContentView.swift in Sources */ = {isa = PBXBuildFile; fileRef = 9889D2962C01957400476B9B /* ContentView.swift */; };
		9889D2992C01957500476B9B /* Assets.xcassets in Resources */ = {isa = PBXBuildFile; fileRef = 9889D2982C01957500476B9B /* Assets.xcassets */; };
		9889D29C2C01957500476B9B /* Preview Assets.xcassets in Resources */ = {isa = PBXBuildFile; fileRef = 9889D29B2C01957500476B9B /* Preview Assets.xcassets */; };
		9889D2A32C01957D00476B9B /* PhotoLibraryManager.swift in Sources */ = {isa = PBXBuildFile; fileRef = 9889D2A22C01957D00476B9B /* PhotoLibraryManager.swift */; };
		9889D2A52C0196C500476B9B /* CacheManager.swift in Sources */ = {isa = PBXBuildFile; fileRef = 9889D2A42C0196C500476B9B /* CacheManager.swift */; };
		98F7B02F2C01BBC4001CA22A /* ThumbnailCollectionView.swift in Sources */ = {isa = PBXBuildFile; fileRef = 98F7B02E2C01BBC4001CA22A /* ThumbnailCollectionView.swift */; };
		98F7B0362C02C0ED001CA22A /* AssetDisplayView.swift in Sources */ = {isa = PBXBuildFile; fileRef = 98F7B0352C02C0ED001CA22A /* AssetDisplayView.swift */; };
		98F7B03A2C02C135001CA22A /* VideoView.swift in Sources */ = {isa = PBXBuildFile; fileRef = 98F7B0392C02C135001CA22A /* VideoView.swift */; };
		98F7B03F2C02D1D2001CA22A /* PhotoView.swift in Sources */ = {isa = PBXBuildFile; fileRef = 98F7B03E2C02D1D2001CA22A /* PhotoView.swift */; };
		98F7B0422C02EFFF001CA22A /* PhotoAssetCollection.swift in Sources */ = {isa = PBXBuildFile; fileRef = 98F7B0412C02EFFF001CA22A /* PhotoAssetCollection.swift */; };
		98F7B0452C031BC9001CA22A /* ImageRequestResult.swift in Sources */ = {isa = PBXBuildFile; fileRef = 98F7B0442C031BC9001CA22A /* ImageRequestResult.swift */; };
		98F7B0472C031BD0001CA22A /* ImageDataRequestResult.swift in Sources */ = {isa = PBXBuildFile; fileRef = 98F7B0462C031BD0001CA22A /* ImageDataRequestResult.swift */; };
		98F7B0492C031BDC001CA22A /* VideoPlaybackRequestResult.swift in Sources */ = {isa = PBXBuildFile; fileRef = 98F7B0482C031BDC001CA22A /* VideoPlaybackRequestResult.swift */; };
		98F7B04B2C0948D6001CA22A /* AsssetEditView.swift in Sources */ = {isa = PBXBuildFile; fileRef = 98F7B04A2C0948D6001CA22A /* AsssetEditView.swift */; };
		98F7B04D2C095260001CA22A /* ContentEditInputRequest.swift in Sources */ = {isa = PBXBuildFile; fileRef = 98F7B04C2C095260001CA22A /* ContentEditInputRequest.swift */; };
/* End PBXBuildFile section */

/* Begin PBXFileReference section */
		9889D2912C01957400476B9B /* PHAssetDemo.app */ = {isa = PBXFileReference; explicitFileType = wrapper.application; includeInIndex = 0; path = PHAssetDemo.app; sourceTree = BUILT_PRODUCTS_DIR; };
		9889D2942C01957400476B9B /* PHAssetDemoApp.swift */ = {isa = PBXFileReference; lastKnownFileType = sourcecode.swift; path = PHAssetDemoApp.swift; sourceTree = "<group>"; };
		9889D2962C01957400476B9B /* ContentView.swift */ = {isa = PBXFileReference; lastKnownFileType = sourcecode.swift; path = ContentView.swift; sourceTree = "<group>"; };
		9889D2982C01957500476B9B /* Assets.xcassets */ = {isa = PBXFileReference; lastKnownFileType = folder.assetcatalog; path = Assets.xcassets; sourceTree = "<group>"; };
		9889D29B2C01957500476B9B /* Preview Assets.xcassets */ = {isa = PBXFileReference; lastKnownFileType = folder.assetcatalog; path = "Preview Assets.xcassets"; sourceTree = "<group>"; };
		9889D2A22C01957D00476B9B /* PhotoLibraryManager.swift */ = {isa = PBXFileReference; lastKnownFileType = sourcecode.swift; path = PhotoLibraryManager.swift; sourceTree = "<group>"; };
		9889D2A42C0196C500476B9B /* CacheManager.swift */ = {isa = PBXFileReference; lastKnownFileType = sourcecode.swift; path = CacheManager.swift; sourceTree = "<group>"; };
		98F7B02E2C01BBC4001CA22A /* ThumbnailCollectionView.swift */ = {isa = PBXFileReference; lastKnownFileType = sourcecode.swift; path = ThumbnailCollectionView.swift; sourceTree = "<group>"; };
		98F7B0352C02C0ED001CA22A /* AssetDisplayView.swift */ = {isa = PBXFileReference; lastKnownFileType = sourcecode.swift; path = AssetDisplayView.swift; sourceTree = "<group>"; };
		98F7B0392C02C135001CA22A /* VideoView.swift */ = {isa = PBXFileReference; lastKnownFileType = sourcecode.swift; path = VideoView.swift; sourceTree = "<group>"; };
		98F7B03E2C02D1D2001CA22A /* PhotoView.swift */ = {isa = PBXFileReference; lastKnownFileType = sourcecode.swift; path = PhotoView.swift; sourceTree = "<group>"; };
		98F7B0412C02EFFF001CA22A /* PhotoAssetCollection.swift */ = {isa = PBXFileReference; lastKnownFileType = sourcecode.swift; path = PhotoAssetCollection.swift; sourceTree = "<group>"; };
		98F7B0442C031BC9001CA22A /* ImageRequestResult.swift */ = {isa = PBXFileReference; lastKnownFileType = sourcecode.swift; path = ImageRequestResult.swift; sourceTree = "<group>"; };
		98F7B0462C031BD0001CA22A /* ImageDataRequestResult.swift */ = {isa = PBXFileReference; lastKnownFileType = sourcecode.swift; path = ImageDataRequestResult.swift; sourceTree = "<group>"; };
		98F7B0482C031BDC001CA22A /* VideoPlaybackRequestResult.swift */ = {isa = PBXFileReference; lastKnownFileType = sourcecode.swift; path = VideoPlaybackRequestResult.swift; sourceTree = "<group>"; };
		98F7B04A2C0948D6001CA22A /* AsssetEditView.swift */ = {isa = PBXFileReference; lastKnownFileType = sourcecode.swift; path = AsssetEditView.swift; sourceTree = "<group>"; };
		98F7B04C2C095260001CA22A /* ContentEditInputRequest.swift */ = {isa = PBXFileReference; lastKnownFileType = sourcecode.swift; path = ContentEditInputRequest.swift; sourceTree = "<group>"; };
		98F7B04E2C09B06A001CA22A /* README.md */ = {isa = PBXFileReference; lastKnownFileType = net.daringfireball.markdown; path = README.md; sourceTree = "<group>"; };
/* End PBXFileReference section */

/* Begin PBXFrameworksBuildPhase section */
		9889D28E2C01957400476B9B /* Frameworks */ = {
			isa = PBXFrameworksBuildPhase;
			buildActionMask = 2147483647;
			files = (
			);
			runOnlyForDeploymentPostprocessing = 0;
		};
/* End PBXFrameworksBuildPhase section */

/* Begin PBXGroup section */
		9889D2882C01957400476B9B = {
			isa = PBXGroup;
			children = (
				98F7B04E2C09B06A001CA22A /* README.md */,
				9889D2932C01957400476B9B /* PHAssetDemo */,
				9889D2922C01957400476B9B /* Products */,
			);
			sourceTree = "<group>";
		};
		9889D2922C01957400476B9B /* Products */ = {
			isa = PBXGroup;
			children = (
				9889D2912C01957400476B9B /* PHAssetDemo.app */,
			);
			name = Products;
			sourceTree = "<group>";
		};
		9889D2932C01957400476B9B /* PHAssetDemo */ = {
			isa = PBXGroup;
			children = (
				98F7B0432C02F1B0001CA22A /* Manager */,
				98F7B0402C02EFE4001CA22A /* Model */,
				98F7B0342C02C0DC001CA22A /* PHAssetView */,
				9889D2942C01957400476B9B /* PHAssetDemoApp.swift */,
				98F7B02E2C01BBC4001CA22A /* ThumbnailCollectionView.swift */,
				9889D2962C01957400476B9B /* ContentView.swift */,
				9889D2982C01957500476B9B /* Assets.xcassets */,
				9889D29A2C01957500476B9B /* Preview Content */,
			);
			path = PHAssetDemo;
			sourceTree = "<group>";
		};
		9889D29A2C01957500476B9B /* Preview Content */ = {
			isa = PBXGroup;
			children = (
				9889D29B2C01957500476B9B /* Preview Assets.xcassets */,
			);
			path = "Preview Content";
			sourceTree = "<group>";
		};
		98F7B0342C02C0DC001CA22A /* PHAssetView */ = {
			isa = PBXGroup;
			children = (
				98F7B0352C02C0ED001CA22A /* AssetDisplayView.swift */,
				98F7B0392C02C135001CA22A /* VideoView.swift */,
				98F7B03E2C02D1D2001CA22A /* PhotoView.swift */,
				98F7B04A2C0948D6001CA22A /* AsssetEditView.swift */,
			);
			path = PHAssetView;
			sourceTree = "<group>";
		};
		98F7B0402C02EFE4001CA22A /* Model */ = {
			isa = PBXGroup;
			children = (
				98F7B0412C02EFFF001CA22A /* PhotoAssetCollection.swift */,
				98F7B0462C031BD0001CA22A /* ImageDataRequestResult.swift */,
				98F7B0442C031BC9001CA22A /* ImageRequestResult.swift */,
				98F7B0482C031BDC001CA22A /* VideoPlaybackRequestResult.swift */,
				98F7B04C2C095260001CA22A /* ContentEditInputRequest.swift */,
			);
			path = Model;
			sourceTree = "<group>";
		};
		98F7B0432C02F1B0001CA22A /* Manager */ = {
			isa = PBXGroup;
			children = (
				9889D2A22C01957D00476B9B /* PhotoLibraryManager.swift */,
				9889D2A42C0196C500476B9B /* CacheManager.swift */,
			);
			path = Manager;
			sourceTree = "<group>";
		};
/* End PBXGroup section */

/* Begin PBXNativeTarget section */
		9889D2902C01957400476B9B /* PHAssetDemo */ = {
			isa = PBXNativeTarget;
			buildConfigurationList = 9889D29F2C01957500476B9B /* Build configuration list for PBXNativeTarget "PHAssetDemo" */;
			buildPhases = (
				9889D28D2C01957400476B9B /* Sources */,
				9889D28E2C01957400476B9B /* Frameworks */,
				9889D28F2C01957400476B9B /* Resources */,
			);
			buildRules = (
			);
			dependencies = (
			);
			name = PHAssetDemo;
			productName = PHAssetDemo;
			productReference = 9889D2912C01957400476B9B /* PHAssetDemo.app */;
			productType = "com.apple.product-type.application";
		};
/* End PBXNativeTarget section */

/* Begin PBXProject section */
		9889D2892C01957400476B9B /* Project object */ = {
			isa = PBXProject;
			attributes = {
				BuildIndependentTargetsInParallel = 1;
				LastSwiftUpdateCheck = 1530;
				LastUpgradeCheck = 1530;
				TargetAttributes = {
					9889D2902C01957400476B9B = {
						CreatedOnToolsVersion = 15.3;
					};
				};
			};
			buildConfigurationList = 9889D28C2C01957400476B9B /* Build configuration list for PBXProject "PHAssetDemo" */;
			compatibilityVersion = "Xcode 14.0";
			developmentRegion = en;
			hasScannedForEncodings = 0;
			knownRegions = (
				en,
				Base,
			);
			mainGroup = 9889D2882C01957400476B9B;
			productRefGroup = 9889D2922C01957400476B9B /* Products */;
			projectDirPath = "";
			projectRoot = "";
			targets = (
				9889D2902C01957400476B9B /* PHAssetDemo */,
			);
		};
/* End PBXProject section */

/* Begin PBXResourcesBuildPhase section */
		9889D28F2C01957400476B9B /* Resources */ = {
			isa = PBXResourcesBuildPhase;
			buildActionMask = 2147483647;
			files = (
				9889D29C2C01957500476B9B /* Preview Assets.xcassets in Resources */,
				9889D2992C01957500476B9B /* Assets.xcassets in Resources */,
			);
			runOnlyForDeploymentPostprocessing = 0;
		};
/* End PBXResourcesBuildPhase section */

/* Begin PBXSourcesBuildPhase section */
		9889D28D2C01957400476B9B /* Sources */ = {
			isa = PBXSourcesBuildPhase;
			buildActionMask = 2147483647;
			files = (
				9889D2A52C0196C500476B9B /* CacheManager.swift in Sources */,
				98F7B02F2C01BBC4001CA22A /* ThumbnailCollectionView.swift in Sources */,
				98F7B0492C031BDC001CA22A /* VideoPlaybackRequestResult.swift in Sources */,
				98F7B0422C02EFFF001CA22A /* PhotoAssetCollection.swift in Sources */,
				98F7B0472C031BD0001CA22A /* ImageDataRequestResult.swift in Sources */,
				9889D2972C01957400476B9B /* ContentView.swift in Sources */,
				98F7B0452C031BC9001CA22A /* ImageRequestResult.swift in Sources */,
				98F7B03F2C02D1D2001CA22A /* PhotoView.swift in Sources */,
				98F7B04D2C095260001CA22A /* ContentEditInputRequest.swift in Sources */,
				98F7B0362C02C0ED001CA22A /* AssetDisplayView.swift in Sources */,
				98F7B03A2C02C135001CA22A /* VideoView.swift in Sources */,
				9889D2952C01957400476B9B /* PHAssetDemoApp.swift in Sources */,
				9889D2A32C01957D00476B9B /* PhotoLibraryManager.swift in Sources */,
				98F7B04B2C0948D6001CA22A /* AsssetEditView.swift in Sources */,
			);
			runOnlyForDeploymentPostprocessing = 0;
		};
/* End PBXSourcesBuildPhase section */

/* Begin XCBuildConfiguration section */
		9889D29D2C01957500476B9B /* Debug */ = {
			isa = XCBuildConfiguration;
			buildSettings = {
				ALWAYS_SEARCH_USER_PATHS = NO;
				ASSETCATALOG_COMPILER_GENERATE_SWIFT_ASSET_SYMBOL_EXTENSIONS = YES;
				CLANG_ANALYZER_NONNULL = YES;
				CLANG_ANALYZER_NUMBER_OBJECT_CONVERSION = YES_AGGRESSIVE;
				CLANG_CXX_LANGUAGE_STANDARD = "gnu++20";
				CLANG_ENABLE_MODULES = YES;
				CLANG_ENABLE_OBJC_ARC = YES;
				CLANG_ENABLE_OBJC_WEAK = YES;
				CLANG_WARN_BLOCK_CAPTURE_AUTORELEASING = YES;
				CLANG_WARN_BOOL_CONVERSION = YES;
				CLANG_WARN_COMMA = YES;
				CLANG_WARN_CONSTANT_CONVERSION = YES;
				CLANG_WARN_DEPRECATED_OBJC_IMPLEMENTATIONS = YES;
				CLANG_WARN_DIRECT_OBJC_ISA_USAGE = YES_ERROR;
				CLANG_WARN_DOCUMENTATION_COMMENTS = YES;
				CLANG_WARN_EMPTY_BODY = YES;
				CLANG_WARN_ENUM_CONVERSION = YES;
				CLANG_WARN_INFINITE_RECURSION = YES;
				CLANG_WARN_INT_CONVERSION = YES;
				CLANG_WARN_NON_LITERAL_NULL_CONVERSION = YES;
				CLANG_WARN_OBJC_IMPLICIT_RETAIN_SELF = YES;
				CLANG_WARN_OBJC_LITERAL_CONVERSION = YES;
				CLANG_WARN_OBJC_ROOT_CLASS = YES_ERROR;
				CLANG_WARN_QUOTED_INCLUDE_IN_FRAMEWORK_HEADER = YES;
				CLANG_WARN_RANGE_LOOP_ANALYSIS = YES;
				CLANG_WARN_STRICT_PROTOTYPES = YES;
				CLANG_WARN_SUSPICIOUS_MOVE = YES;
				CLANG_WARN_UNGUARDED_AVAILABILITY = YES_AGGRESSIVE;
				CLANG_WARN_UNREACHABLE_CODE = YES;
				CLANG_WARN__DUPLICATE_METHOD_MATCH = YES;
				COPY_PHASE_STRIP = NO;
				DEBUG_INFORMATION_FORMAT = dwarf;
				ENABLE_STRICT_OBJC_MSGSEND = YES;
				ENABLE_TESTABILITY = YES;
				ENABLE_USER_SCRIPT_SANDBOXING = YES;
				GCC_C_LANGUAGE_STANDARD = gnu17;
				GCC_DYNAMIC_NO_PIC = NO;
				GCC_NO_COMMON_BLOCKS = YES;
				GCC_OPTIMIZATION_LEVEL = 0;
				GCC_PREPROCESSOR_DEFINITIONS = (
					"DEBUG=1",
					"$(inherited)",
				);
				GCC_WARN_64_TO_32_BIT_CONVERSION = YES;
				GCC_WARN_ABOUT_RETURN_TYPE = YES_ERROR;
				GCC_WARN_UNDECLARED_SELECTOR = YES;
				GCC_WARN_UNINITIALIZED_AUTOS = YES_AGGRESSIVE;
				GCC_WARN_UNUSED_FUNCTION = YES;
				GCC_WARN_UNUSED_VARIABLE = YES;
				IPHONEOS_DEPLOYMENT_TARGET = 17.4;
				LOCALIZATION_PREFERS_STRING_CATALOGS = YES;
				MTL_ENABLE_DEBUG_INFO = INCLUDE_SOURCE;
				MTL_FAST_MATH = YES;
				ONLY_ACTIVE_ARCH = YES;
				SDKROOT = iphoneos;
				SWIFT_ACTIVE_COMPILATION_CONDITIONS = "DEBUG $(inherited)";
				SWIFT_OPTIMIZATION_LEVEL = "-Onone";
			};
			name = Debug;
		};
		9889D29E2C01957500476B9B /* Release */ = {
			isa = XCBuildConfiguration;
			buildSettings = {
				ALWAYS_SEARCH_USER_PATHS = NO;
				ASSETCATALOG_COMPILER_GENERATE_SWIFT_ASSET_SYMBOL_EXTENSIONS = YES;
				CLANG_ANALYZER_NONNULL = YES;
				CLANG_ANALYZER_NUMBER_OBJECT_CONVERSION = YES_AGGRESSIVE;
				CLANG_CXX_LANGUAGE_STANDARD = "gnu++20";
				CLANG_ENABLE_MODULES = YES;
				CLANG_ENABLE_OBJC_ARC = YES;
				CLANG_ENABLE_OBJC_WEAK = YES;
				CLANG_WARN_BLOCK_CAPTURE_AUTORELEASING = YES;
				CLANG_WARN_BOOL_CONVERSION = YES;
				CLANG_WARN_COMMA = YES;
				CLANG_WARN_CONSTANT_CONVERSION = YES;
				CLANG_WARN_DEPRECATED_OBJC_IMPLEMENTATIONS = YES;
				CLANG_WARN_DIRECT_OBJC_ISA_USAGE = YES_ERROR;
				CLANG_WARN_DOCUMENTATION_COMMENTS = YES;
				CLANG_WARN_EMPTY_BODY = YES;
				CLANG_WARN_ENUM_CONVERSION = YES;
				CLANG_WARN_INFINITE_RECURSION = YES;
				CLANG_WARN_INT_CONVERSION = YES;
				CLANG_WARN_NON_LITERAL_NULL_CONVERSION = YES;
				CLANG_WARN_OBJC_IMPLICIT_RETAIN_SELF = YES;
				CLANG_WARN_OBJC_LITERAL_CONVERSION = YES;
				CLANG_WARN_OBJC_ROOT_CLASS = YES_ERROR;
				CLANG_WARN_QUOTED_INCLUDE_IN_FRAMEWORK_HEADER = YES;
				CLANG_WARN_RANGE_LOOP_ANALYSIS = YES;
				CLANG_WARN_STRICT_PROTOTYPES = YES;
				CLANG_WARN_SUSPICIOUS_MOVE = YES;
				CLANG_WARN_UNGUARDED_AVAILABILITY = YES_AGGRESSIVE;
				CLANG_WARN_UNREACHABLE_CODE = YES;
				CLANG_WARN__DUPLICATE_METHOD_MATCH = YES;
				COPY_PHASE_STRIP = NO;
				DEBUG_INFORMATION_FORMAT = "dwarf-with-dsym";
				ENABLE_NS_ASSERTIONS = NO;
				ENABLE_STRICT_OBJC_MSGSEND = YES;
				ENABLE_USER_SCRIPT_SANDBOXING = YES;
				GCC_C_LANGUAGE_STANDARD = gnu17;
				GCC_NO_COMMON_BLOCKS = YES;
				GCC_WARN_64_TO_32_BIT_CONVERSION = YES;
				GCC_WARN_ABOUT_RETURN_TYPE = YES_ERROR;
				GCC_WARN_UNDECLARED_SELECTOR = YES;
				GCC_WARN_UNINITIALIZED_AUTOS = YES_AGGRESSIVE;
				GCC_WARN_UNUSED_FUNCTION = YES;
				GCC_WARN_UNUSED_VARIABLE = YES;
				IPHONEOS_DEPLOYMENT_TARGET = 17.4;
				LOCALIZATION_PREFERS_STRING_CATALOGS = YES;
				MTL_ENABLE_DEBUG_INFO = NO;
				MTL_FAST_MATH = YES;
				SDKROOT = iphoneos;
				SWIFT_COMPILATION_MODE = wholemodule;
				VALIDATE_PRODUCT = YES;
			};
			name = Release;
		};
		9889D2A02C01957500476B9B /* Debug */ = {
			isa = XCBuildConfiguration;
			buildSettings = {
				ASSETCATALOG_COMPILER_APPICON_NAME = AppIcon;
				ASSETCATALOG_COMPILER_GLOBAL_ACCENT_COLOR_NAME = AccentColor;
				CODE_SIGN_STYLE = Automatic;
				CURRENT_PROJECT_VERSION = 1;
				DEVELOPMENT_ASSET_PATHS = "\"PHAssetDemo/Preview Content\"";
				ENABLE_PREVIEWS = YES;
				GENERATE_INFOPLIST_FILE = YES;
				INFOPLIST_KEY_NSPhotoLibraryUsageDescription = "Accessing User Photo Library";
				INFOPLIST_KEY_UIApplicationSceneManifest_Generation = YES;
				INFOPLIST_KEY_UIApplicationSupportsIndirectInputEvents = YES;
				INFOPLIST_KEY_UILaunchScreen_Generation = YES;
				INFOPLIST_KEY_UISupportedInterfaceOrientations_iPad = "UIInterfaceOrientationPortrait UIInterfaceOrientationPortraitUpsideDown UIInterfaceOrientationLandscapeLeft UIInterfaceOrientationLandscapeRight";
				INFOPLIST_KEY_UISupportedInterfaceOrientations_iPhone = "UIInterfaceOrientationPortrait UIInterfaceOrientationLandscapeLeft UIInterfaceOrientationLandscapeRight";
				LD_RUNPATH_SEARCH_PATHS = (
					"$(inherited)",
					"@executable_path/Frameworks",
				);
				MARKETING_VERSION = 1.0;
				PRODUCT_BUNDLE_IDENTIFIER = itsuki.enjoy.PHAssetDemo;
				PRODUCT_NAME = "$(TARGET_NAME)";
				SWIFT_EMIT_LOC_STRINGS = YES;
				SWIFT_VERSION = 5.0;
				TARGETED_DEVICE_FAMILY = "1,2";
			};
			name = Debug;
		};
		9889D2A12C01957500476B9B /* Release */ = {
			isa = XCBuildConfiguration;
			buildSettings = {
				ASSETCATALOG_COMPILER_APPICON_NAME = AppIcon;
				ASSETCATALOG_COMPILER_GLOBAL_ACCENT_COLOR_NAME = AccentColor;
				CODE_SIGN_STYLE = Automatic;
				CURRENT_PROJECT_VERSION = 1;
				DEVELOPMENT_ASSET_PATHS = "\"PHAssetDemo/Preview Content\"";
				ENABLE_PREVIEWS = YES;
				GENERATE_INFOPLIST_FILE = YES;
				INFOPLIST_KEY_NSPhotoLibraryUsageDescription = "Accessing User Photo Library";
				INFOPLIST_KEY_UIApplicationSceneManifest_Generation = YES;
				INFOPLIST_KEY_UIApplicationSupportsIndirectInputEvents = YES;
				INFOPLIST_KEY_UILaunchScreen_Generation = YES;
				INFOPLIST_KEY_UISupportedInterfaceOrientations_iPad = "UIInterfaceOrientationPortrait UIInterfaceOrientationPortraitUpsideDown UIInterfaceOrientationLandscapeLeft UIInterfaceOrientationLandscapeRight";
				INFOPLIST_KEY_UISupportedInterfaceOrientations_iPhone = "UIInterfaceOrientationPortrait UIInterfaceOrientationLandscapeLeft UIInterfaceOrientationLandscapeRight";
				LD_RUNPATH_SEARCH_PATHS = (
					"$(inherited)",
					"@executable_path/Frameworks",
				);
				MARKETING_VERSION = 1.0;
				PRODUCT_BUNDLE_IDENTIFIER = itsuki.enjoy.PHAssetDemo;
				PRODUCT_NAME = "$(TARGET_NAME)";
				SWIFT_EMIT_LOC_STRINGS = YES;
				SWIFT_VERSION = 5.0;
				TARGETED_DEVICE_FAMILY = "1,2";
			};
			name = Release;
		};
/* End XCBuildConfiguration section */

/* Begin XCConfigurationList section */
		9889D28C2C01957400476B9B /* Build configuration list for PBXProject "PHAssetDemo" */ = {
			isa = XCConfigurationList;
			buildConfigurations = (
				9889D29D2C01957500476B9B /* Debug */,
				9889D29E2C01957500476B9B /* Release */,
			);
			defaultConfigurationIsVisible = 0;
			defaultConfigurationName = Release;
		};
		9889D29F2C01957500476B9B /* Build configuration list for PBXNativeTarget "PHAssetDemo" */ = {
			isa = XCConfigurationList;
			buildConfigurations = (
				9889D2A02C01957500476B9B /* Debug */,
				9889D2A12C01957500476B9B /* Release */,
			);
			defaultConfigurationIsVisible = 0;
			defaultConfigurationName = Release;
		};
/* End XCConfigurationList section */
	};
	rootObject = 9889D2892C01957400476B9B /* Project object */;
}
